
Microsoft Visual Studio Solution File, Format Version 12.00
# Visual Studio Version 16
VisualStudioVersion = 16.0.30413.136
MinimumVisualStudioVersion = 10.0.40219.1
Project("{FAE04EC0-301F-11D3-BF4B-00C04F79EFBC}") = "VirtualPrinter", "VirtualPrinter\VirtualPrinter.csproj", "{6347EE65-16BF-466F-8256-5BDDBD846C53}"
EndProject
Global
	GlobalSection(SolutionConfigurationPlatforms) = preSolution
		Debug|Any CPU = Debug|Any CPU
		Release|Any CPU = Release|Any CPU
	EndGlobalSection
	GlobalSection(ProjectConfigurationPlatforms) = postSolution
		{6347EE65-16BF-466F-8256-5BDDBD846C53}.Debug|Any CPU.ActiveCfg = Debug|Any CPU
		{6347EE65-16BF-466F-8256-5BDDBD846C53}.Debug|Any CPU.Build.0 = Debug|Any CPU
		{6347EE65-16BF-466F-8256-5BDDBD846C53}.Release|Any CPU.ActiveCfg = Release|Any CPU
		{6347EE65-16BF-466F-8256-5BDDBD846C53}.Release|Any CPU.Build.0 = Release|Any CPU
	EndGlobalSection
	GlobalSection(SolutionProperties) = preSolution
		HideSolutionNode = FALSE
	EndGlobalSection
	GlobalSection(ExtensibilityGlobals) = postSolution
		SolutionGuid = {478E60B5-9300-4BA9-95AA-D2A247AB59F3}
	EndGlobalSection
EndGlobal
